
Microsoft Visual Studio Solution File, Format Version 12.00
# Visual Studio Version 17
VisualStudioVersion = 17.8.34309.116
MinimumVisualStudioVersion = 10.0.40219.1
Project("{FAE04EC0-301F-11D3-BF4B-00C04F79EFBC}") = "AtlantTest", "AtlantTest\AtlantTest.csproj", "{0CAEF4CD-B997-4815-ACDC-62D24C35B5A3}"
EndProject
Global
	GlobalSection(SolutionConfigurationPlatforms) = preSolution
		Debug|Any CPU = Debug|Any CPU
		Release|Any CPU = Release|Any CPU
	EndGlobalSection
	GlobalSection(ProjectConfigurationPlatforms) = postSolution
		{0CAEF4CD-B997-4815-ACDC-62D24C35B5A3}.Debug|Any CPU.ActiveCfg = Debug|Any CPU
		{0CAEF4CD-B997-4815-ACDC-62D24C35B5A3}.Debug|Any CPU.Build.0 = Debug|Any CPU
		{0CAEF4CD-B997-4815-ACDC-62D24C35B5A3}.Release|Any CPU.ActiveCfg = Release|Any CPU
		{0CAEF4CD-B997-4815-ACDC-62D24C35B5A3}.Release|Any CPU.Build.0 = Release|Any CPU
	EndGlobalSection
	GlobalSection(SolutionProperties) = preSolution
		HideSolutionNode = FALSE
	EndGlobalSection
	GlobalSection(ExtensibilityGlobals) = postSolution
		SolutionGuid = {7259B761-4E5F-42D6-903E-7B6D9DBF5339}
	EndGlobalSection
EndGlobal
